
Microsoft Visual Studio Solution File, Format Version 12.00
# Visual Studio Version 17
VisualStudioVersion = 17.8.34330.188
MinimumVisualStudioVersion = 10.0.40219.1
Project("{9A19103F-16F7-4668-BE54-9A1E7A4F7556}") = "TZ", "TZ\TZ.csproj", "{135BB6B5-74B2-4ADD-B36F-B46B8CC0E8FF}"
EndProject
Project("{FAE04EC0-301F-11D3-BF4B-00C04F79EFBC}") = "TZ.Test", "TZ.Test\TZ.Test.csproj", "{6DAE5879-72FD-43A0-8999-C8C1FCF299BF}"
EndProject
Global
	GlobalSection(SolutionConfigurationPlatforms) = preSolution
		Debug|Any CPU = Debug|Any CPU
		Release|Any CPU = Release|Any CPU
	EndGlobalSection
	GlobalSection(ProjectConfigurationPlatforms) = postSolution
		{135BB6B5-74B2-4ADD-B36F-B46B8CC0E8FF}.Debug|Any CPU.ActiveCfg = Debug|Any CPU
		{135BB6B5-74B2-4ADD-B36F-B46B8CC0E8FF}.Debug|Any CPU.Build.0 = Debug|Any CPU
		{135BB6B5-74B2-4ADD-B36F-B46B8CC0E8FF}.Release|Any CPU.ActiveCfg = Release|Any CPU
		{135BB6B5-74B2-4ADD-B36F-B46B8CC0E8FF}.Release|Any CPU.Build.0 = Release|Any CPU
		{6DAE5879-72FD-43A0-8999-C8C1FCF299BF}.Debug|Any CPU.ActiveCfg = Debug|Any CPU
		{6DAE5879-72FD-43A0-8999-C8C1FCF299BF}.Debug|Any CPU.Build.0 = Debug|Any CPU
		{6DAE5879-72FD-43A0-8999-C8C1FCF299BF}.Release|Any CPU.ActiveCfg = Release|Any CPU
		{6DAE5879-72FD-43A0-8999-C8C1FCF299BF}.Release|Any CPU.Build.0 = Release|Any CPU
	EndGlobalSection
	GlobalSection(SolutionProperties) = preSolution
		HideSolutionNode = FALSE
	EndGlobalSection
	GlobalSection(ExtensibilityGlobals) = postSolution
		SolutionGuid = {68D1432B-0056-4DBB-A81F-1BEE20A70695}
	EndGlobalSection
EndGlobal
